
Microsoft Visual Studio Solution File, Format Version 12.00
# Visual Studio Version 16
VisualStudioVersion = 16.0.32106.194
MinimumVisualStudioVersion = 10.0.40219.1
Project("{9A19103F-16F7-4668-BE54-9A1E7A4F7556}") = "BankDemo.AccountService", "BankDemo.AccountService\BankDemo.AccountService.csproj", "{A877A835-4E93-414D-A0FA-58D063B428D9}"
EndProject
Project("{FAE04EC0-301F-11D3-BF4B-00C04F79EFBC}") = "BankDemo.AccountServiceTests", "BankDemo.AccountServiceTests\BankDemo.AccountServiceTests.csproj", "{AECC0F14-D306-4CFB-91ED-54594D608BE6}"
EndProject
Global
	GlobalSection(SolutionConfigurationPlatforms) = preSolution
		Debug|Any CPU = Debug|Any CPU
		Release|Any CPU = Release|Any CPU
	EndGlobalSection
	GlobalSection(ProjectConfigurationPlatforms) = postSolution
		{A877A835-4E93-414D-A0FA-58D063B428D9}.Debug|Any CPU.ActiveCfg = Debug|Any CPU
		{A877A835-4E93-414D-A0FA-58D063B428D9}.Debug|Any CPU.Build.0 = Debug|Any CPU
		{A877A835-4E93-414D-A0FA-58D063B428D9}.Release|Any CPU.ActiveCfg = Release|Any CPU
		{A877A835-4E93-414D-A0FA-58D063B428D9}.Release|Any CPU.Build.0 = Release|Any CPU
		{AECC0F14-D306-4CFB-91ED-54594D608BE6}.Debug|Any CPU.ActiveCfg = Debug|Any CPU
		{AECC0F14-D306-4CFB-91ED-54594D608BE6}.Debug|Any CPU.Build.0 = Debug|Any CPU
		{AECC0F14-D306-4CFB-91ED-54594D608BE6}.Release|Any CPU.ActiveCfg = Release|Any CPU
		{AECC0F14-D306-4CFB-91ED-54594D608BE6}.Release|Any CPU.Build.0 = Release|Any CPU
	EndGlobalSection
	GlobalSection(SolutionProperties) = preSolution
		HideSolutionNode = FALSE
	EndGlobalSection
	GlobalSection(ExtensibilityGlobals) = postSolution
		SolutionGuid = {DD8EAE7B-9653-4C33-9973-9728ED2519A0}
	EndGlobalSection
EndGlobal
